
Microsoft Visual Studio Solution File, Format Version 12.00
# Visual Studio Version 16
VisualStudioVersion = 16.0.31112.23
MinimumVisualStudioVersion = 10.0.40219.1
Project("{FAE04EC0-301F-11D3-BF4B-00C04F79EFBC}") = "LeetcodeApi", "LeetcodeApi\LeetcodeApi.csproj", "{8DE71BB8-EF55-444B-B7B1-49B340122285}"
EndProject
Global
	GlobalSection(SolutionConfigurationPlatforms) = preSolution
		Debug|Any CPU = Debug|Any CPU
		Release|Any CPU = Release|Any CPU
	EndGlobalSection
	GlobalSection(ProjectConfigurationPlatforms) = postSolution
		{8DE71BB8-EF55-444B-B7B1-49B340122285}.Debug|Any CPU.ActiveCfg = Debug|Any CPU
		{8DE71BB8-EF55-444B-B7B1-49B340122285}.Debug|Any CPU.Build.0 = Debug|Any CPU
		{8DE71BB8-EF55-444B-B7B1-49B340122285}.Release|Any CPU.ActiveCfg = Release|Any CPU
		{8DE71BB8-EF55-444B-B7B1-49B340122285}.Release|Any CPU.Build.0 = Release|Any CPU
	EndGlobalSection
	GlobalSection(SolutionProperties) = preSolution
		HideSolutionNode = FALSE
	EndGlobalSection
	GlobalSection(ExtensibilityGlobals) = postSolution
		SolutionGuid = {C4A0BEB4-0573-4A6C-8F4A-781844478269}
	EndGlobalSection
EndGlobal
